
Microsoft Visual Studio Solution File, Format Version 12.00
# Visual Studio 15
VisualStudioVersion = 15.0.27130.2027
MinimumVisualStudioVersion = 10.0.40219.1
Project("{FAE04EC0-301F-11D3-BF4B-00C04F79EFBC}") = "WAppTasks", "WAppTasks\WAppTasks.csproj", "{53C65795-67C3-480F-93BE-21AB73AD8F92}"
EndProject
Global
	GlobalSection(SolutionConfigurationPlatforms) = preSolution
		Debug|Any CPU = Debug|Any CPU
		Release|Any CPU = Release|Any CPU
	EndGlobalSection
	GlobalSection(ProjectConfigurationPlatforms) = postSolution
		{53C65795-67C3-480F-93BE-21AB73AD8F92}.Debug|Any CPU.ActiveCfg = Debug|Any CPU
		{53C65795-67C3-480F-93BE-21AB73AD8F92}.Debug|Any CPU.Build.0 = Debug|Any CPU
		{53C65795-67C3-480F-93BE-21AB73AD8F92}.Release|Any CPU.ActiveCfg = Release|Any CPU
		{53C65795-67C3-480F-93BE-21AB73AD8F92}.Release|Any CPU.Build.0 = Release|Any CPU
	EndGlobalSection
	GlobalSection(SolutionProperties) = preSolution
		HideSolutionNode = FALSE
	EndGlobalSection
	GlobalSection(ExtensibilityGlobals) = postSolution
		SolutionGuid = {D73F88E7-08DB-4255-8393-ECDBE80B25A0}
	EndGlobalSection
EndGlobal
